github.com/lib/pq v1.10.9 h1:YXG7RB+JIjhP29X+OtkiDnYaXQwpS4JEWq7dtCCRUEw=
github.com/lib/pq v1.10.9/go.mod h1:AlVN5x4E4T544tWzH6hKfbfQvm3HdbOxrmggDNAPY9o=
golang.org/x/oauth2 v0.31.0 h1:8Fq0yVZLh4j4YA47vHKFTa9Ew5XIrCP8LC6UeNZnLxo=
golang.org/x/oauth2 v0.31.0/go.mod h1:lzm5WQJQwKZ3nwavOZ3IS5Aulzxi68dUSgRHujetwEA=
